
Microsoft Visual Studio Solution File, Format Version 12.00
# Visual Studio Version 16
VisualStudioVersion = 25.0.1706.5
MinimumVisualStudioVersion = 10.0.40219.1
Project("{FAE04EC0-301F-11D3-BF4B-00C04F79EFBC}") = "examen.pb2", "examen.pb2\examen.pb2.csproj", "{90B9FD16-631B-47D0-92FB-4C7A108618EA}"
EndProject
Global
	GlobalSection(SolutionConfigurationPlatforms) = preSolution
		Debug|Any CPU = Debug|Any CPU
		Release|Any CPU = Release|Any CPU
	EndGlobalSection
	GlobalSection(ProjectConfigurationPlatforms) = postSolution
		{90B9FD16-631B-47D0-92FB-4C7A108618EA}.Debug|Any CPU.ActiveCfg = Debug|Any CPU
		{90B9FD16-631B-47D0-92FB-4C7A108618EA}.Debug|Any CPU.Build.0 = Debug|Any CPU
		{90B9FD16-631B-47D0-92FB-4C7A108618EA}.Release|Any CPU.ActiveCfg = Release|Any CPU
		{90B9FD16-631B-47D0-92FB-4C7A108618EA}.Release|Any CPU.Build.0 = Release|Any CPU
	EndGlobalSection
	GlobalSection(SolutionProperties) = preSolution
		HideSolutionNode = FALSE
	EndGlobalSection
	GlobalSection(ExtensibilityGlobals) = postSolution
		SolutionGuid = {4D3084EE-0A52-4B9B-BA96-7F88BF43B7FD}
	EndGlobalSection
EndGlobal
